
Microsoft Visual Studio Solution File, Format Version 12.00
# Visual Studio Version 18
VisualStudioVersion = 18.4.11612.150 stable
MinimumVisualStudioVersion = 10.0.40219.1
Project("{FAE04EC0-301F-11D3-BF4B-00C04F79EFBC}") = "NaughtyDogDCReader", "NaughtyDogDCReader.csproj", "{4BF271B9-E509-40B3-A13C-D101E426EC86}"
EndProject
Project("{FAE04EC0-301F-11D3-BF4B-00C04F79EFBC}") = "BuildStructDB", "StructDBBuilder\BuildStructDB.csproj", "{A46A5704-4EB1-4448-AB93-552B77251680}"
EndProject
Global
	GlobalSection(SolutionConfigurationPlatforms) = preSolution
		Debug|Any CPU = Debug|Any CPU
		Release|Any CPU = Release|Any CPU
	EndGlobalSection
	GlobalSection(ProjectConfigurationPlatforms) = postSolution
		{4BF271B9-E509-40B3-A13C-D101E426EC86}.Debug|Any CPU.ActiveCfg = Debug|Any CPU
		{4BF271B9-E509-40B3-A13C-D101E426EC86}.Debug|Any CPU.Build.0 = Debug|Any CPU
		{4BF271B9-E509-40B3-A13C-D101E426EC86}.Release|Any CPU.ActiveCfg = Release|Any CPU
		{4BF271B9-E509-40B3-A13C-D101E426EC86}.Release|Any CPU.Build.0 = Release|Any CPU
		{A46A5704-4EB1-4448-AB93-552B77251680}.Debug|Any CPU.ActiveCfg = Debug|Any CPU
		{A46A5704-4EB1-4448-AB93-552B77251680}.Debug|Any CPU.Build.0 = Debug|Any CPU
		{A46A5704-4EB1-4448-AB93-552B77251680}.Release|Any CPU.ActiveCfg = Release|Any CPU
		{A46A5704-4EB1-4448-AB93-552B77251680}.Release|Any CPU.Build.0 = Release|Any CPU
	EndGlobalSection
	GlobalSection(SolutionProperties) = preSolution
		HideSolutionNode = FALSE
	EndGlobalSection
	GlobalSection(ExtensibilityGlobals) = postSolution
		SolutionGuid = {87209AD2-74BC-4254-B41A-7894F75A7173}
	EndGlobalSection
EndGlobal
